// !$*UTF8*$!
{
	archiveVersion = 1;
	classes = {
	};
	objectVersion = 55;
	objects = {

/* Begin PBXBuildFile section */
		466AE0A02789F3A20071A894 /* AppDelegate.swift in Sources */ = {isa = PBXBuildFile; fileRef = 466AE09F2789F3A20071A894 /* AppDelegate.swift */; };
		466AE0A22789F3A20071A894 /* SceneDelegate.swift in Sources */ = {isa = PBXBuildFile; fileRef = 466AE0A12789F3A20071A894 /* SceneDelegate.swift */; };
		466AE0A42789F3A20071A894 /* ViewController.swift in Sources */ = {isa = PBXBuildFile; fileRef = 466AE0A32789F3A20071A894 /* ViewController.swift */; };
		466AE0A72789F3A20071A894 /* Main.storyboard in Resources */ = {isa = PBXBuildFile; fileRef = 466AE0A52789F3A20071A894 /* Main.storyboard */; };
		466AE0AA2789F3A20071A894 /* CoreDataProjectTest.xcdatamodeld in Sources */ = {isa = PBXBuildFile; fileRef = 466AE0A82789F3A20071A894 /* CoreDataProjectTest.xcdatamodeld */; };
		466AE0AC2789F3A40071A894 /* Assets.xcassets in Resources */ = {isa = PBXBuildFile; fileRef = 466AE0AB2789F3A40071A894 /* Assets.xcassets */; };
		466AE0AF2789F3A40071A894 /* LaunchScreen.storyboard in Resources */ = {isa = PBXBuildFile; fileRef = 466AE0AD2789F3A40071A894 /* LaunchScreen.storyboard */; };
		466AE0B82789F79B0071A894 /* PersistanceStorage.swift in Sources */ = {isa = PBXBuildFile; fileRef = 466AE0B72789F79B0071A894 /* PersistanceStorage.swift */; };
		466AE0C62789FEA30071A894 /* Student+CoreDataClass.swift in Sources */ = {isa = PBXBuildFile; fileRef = 466AE0C42789FEA30071A894 /* Student+CoreDataClass.swift */; };
		466AE0C72789FEA30071A894 /* Student+CoreDataProperties.swift in Sources */ = {isa = PBXBuildFile; fileRef = 466AE0C52789FEA30071A894 /* Student+CoreDataProperties.swift */; };
		466AE0CA2789FECE0071A894 /* Lesson+CoreDataClass.swift in Sources */ = {isa = PBXBuildFile; fileRef = 466AE0C82789FECE0071A894 /* Lesson+CoreDataClass.swift */; };
		466AE0CB2789FECE0071A894 /* Lesson+CoreDataProperties.swift in Sources */ = {isa = PBXBuildFile; fileRef = 466AE0C92789FECE0071A894 /* Lesson+CoreDataProperties.swift */; };
/* End PBXBuildFile section */

/* Begin PBXFileReference section */
		466AE09C2789F3A20071A894 /* CoreDataProjectTest.app */ = {isa = PBXFileReference; explicitFileType = wrapper.application; includeInIndex = 0; path = CoreDataProjectTest.app; sourceTree = BUILT_PRODUCTS_DIR; };
		466AE09F2789F3A20071A894 /* AppDelegate.swift */ = {isa = PBXFileReference; lastKnownFileType = sourcecode.swift; path = AppDelegate.swift; sourceTree = "<group>"; };
		466AE0A12789F3A20071A894 /* SceneDelegate.swift */ = {isa = PBXFileReference; lastKnownFileType = sourcecode.swift; path = SceneDelegate.swift; sourceTree = "<group>"; };
		466AE0A32789F3A20071A894 /* ViewController.swift */ = {isa = PBXFileReference; lastKnownFileType = sourcecode.swift; path = ViewController.swift; sourceTree = "<group>"; };
		466AE0A62789F3A20071A894 /* Base */ = {isa = PBXFileReference; lastKnownFileType = file.storyboard; name = Base; path = Base.lproj/Main.storyboard; sourceTree = "<group>"; };
		466AE0A92789F3A20071A894 /* CoreDataProjectTest.xcdatamodel */ = {isa = PBXFileReference; lastKnownFileType = wrapper.xcdatamodel; path = CoreDataProjectTest.xcdatamodel; sourceTree = "<group>"; };
		466AE0AB2789F3A40071A894 /* Assets.xcassets */ = {isa = PBXFileReference; lastKnownFileType = folder.assetcatalog; path = Assets.xcassets; sourceTree = "<group>"; };
		466AE0AE2789F3A40071A894 /* Base */ = {isa = PBXFileReference; lastKnownFileType = file.storyboard; name = Base; path = Base.lproj/LaunchScreen.storyboard; sourceTree = "<group>"; };
		466AE0B02789F3A40071A894 /* Info.plist */ = {isa = PBXFileReference; lastKnownFileType = text.plist.xml; path = Info.plist; sourceTree = "<group>"; };
		466AE0B72789F79B0071A894 /* PersistanceStorage.swift */ = {isa = PBXFileReference; lastKnownFileType = sourcecode.swift; path = PersistanceStorage.swift; sourceTree = "<group>"; };
		466AE0C42789FEA30071A894 /* Student+CoreDataClass.swift */ = {isa = PBXFileReference; lastKnownFileType = sourcecode.swift; path = "Student+CoreDataClass.swift"; sourceTree = "<group>"; };
		466AE0C52789FEA30071A894 /* Student+CoreDataProperties.swift */ = {isa = PBXFileReference; lastKnownFileType = sourcecode.swift; path = "Student+CoreDataProperties.swift"; sourceTree = "<group>"; };
		466AE0C82789FECE0071A894 /* Lesson+CoreDataClass.swift */ = {isa = PBXFileReference; lastKnownFileType = sourcecode.swift; path = "Lesson+CoreDataClass.swift"; sourceTree = "<group>"; };
		466AE0C92789FECE0071A894 /* Lesson+CoreDataProperties.swift */ = {isa = PBXFileReference; lastKnownFileType = sourcecode.swift; path = "Lesson+CoreDataProperties.swift"; sourceTree = "<group>"; };
/* End PBXFileReference section */

/* Begin PBXFrameworksBuildPhase section */
		466AE0992789F3A20071A894 /* Frameworks */ = {
			isa = PBXFrameworksBuildPhase;
			buildActionMask = 2147483647;
			files = (
			);
			runOnlyForDeploymentPostprocessing = 0;
		};
/* End PBXFrameworksBuildPhase section */

/* Begin PBXGroup section */
		466AE0932789F3A20071A894 = {
			isa = PBXGroup;
			children = (
				466AE09E2789F3A20071A894 /* CoreDataProjectTest */,
				466AE09D2789F3A20071A894 /* Products */,
			);
			sourceTree = "<group>";
		};
		466AE09D2789F3A20071A894 /* Products */ = {
			isa = PBXGroup;
			children = (
				466AE09C2789F3A20071A894 /* CoreDataProjectTest.app */,
			);
			name = Products;
			sourceTree = "<group>";
		};
		466AE09E2789F3A20071A894 /* CoreDataProjectTest */ = {
			isa = PBXGroup;
			children = (
				466AE0B92789FC9B0071A894 /* DataModels */,
				466AE0BF2789FD860071A894 /* Controllers */,
				466AE0BD2789FD120071A894 /* Storyboards */,
				466AE0B62789F76A0071A894 /* CoreDataStack */,
				466AE0BE2789FD3F0071A894 /* APPDelegates */,
				466AE0BC2789FCFD0071A894 /* Resources */,
				466AE0B02789F3A40071A894 /* Info.plist */,
			);
			path = CoreDataProjectTest;
			sourceTree = "<group>";
		};
		466AE0B62789F76A0071A894 /* CoreDataStack */ = {
			isa = PBXGroup;
			children = (
				466AE0A82789F3A20071A894 /* CoreDataProjectTest.xcdatamodeld */,
				466AE0B72789F79B0071A894 /* PersistanceStorage.swift */,
			);
			path = CoreDataStack;
			sourceTree = "<group>";
		};
		466AE0B92789FC9B0071A894 /* DataModels */ = {
			isa = PBXGroup;
			children = (
				466AE0BB2789FCD20071A894 /* Lesson */,
				466AE0BA2789FCC40071A894 /* Student */,
			);
			path = DataModels;
			sourceTree = "<group>";
		};
		466AE0BA2789FCC40071A894 /* Student */ = {
			isa = PBXGroup;
			children = (
				466AE0C42789FEA30071A894 /* Student+CoreDataClass.swift */,
				466AE0C52789FEA30071A894 /* Student+CoreDataProperties.swift */,
			);
			path = Student;
			sourceTree = "<group>";
		};
		466AE0BB2789FCD20071A894 /* Lesson */ = {
			isa = PBXGroup;
			children = (
				466AE0C82789FECE0071A894 /* Lesson+CoreDataClass.swift */,
				466AE0C92789FECE0071A894 /* Lesson+CoreDataProperties.swift */,
			);
			path = Lesson;
			sourceTree = "<group>";
		};
		466AE0BC2789FCFD0071A894 /* Resources */ = {
			isa = PBXGroup;
			children = (
				466AE0AB2789F3A40071A894 /* Assets.xcassets */,
			);
			path = Resources;
			sourceTree = "<group>";
		};
		466AE0BD2789FD120071A894 /* Storyboards */ = {
			isa = PBXGroup;
			children = (
				466AE0AD2789F3A40071A894 /* LaunchScreen.storyboard */,
				466AE0A52789F3A20071A894 /* Main.storyboard */,
			);
			path = Storyboards;
			sourceTree = "<group>";
		};
		466AE0BE2789FD3F0071A894 /* APPDelegates */ = {
			isa = PBXGroup;
			children = (
				466AE09F2789F3A20071A894 /* AppDelegate.swift */,
				466AE0A12789F3A20071A894 /* SceneDelegate.swift */,
			);
			path = APPDelegates;
			sourceTree = "<group>";
		};
		466AE0BF2789FD860071A894 /* Controllers */ = {
			isa = PBXGroup;
			children = (
				466AE0A32789F3A20071A894 /* ViewController.swift */,
			);
			path = Controllers;
			sourceTree = "<group>";
		};
/* End PBXGroup section */

/* Begin PBXNativeTarget section */
		466AE09B2789F3A20071A894 /* CoreDataProjectTest */ = {
			isa = PBXNativeTarget;
			buildConfigurationList = 466AE0B32789F3A40071A894 /* Build configuration list for PBXNativeTarget "CoreDataProjectTest" */;
			buildPhases = (
				466AE0982789F3A20071A894 /* Sources */,
				466AE0992789F3A20071A894 /* Frameworks */,
				466AE09A2789F3A20071A894 /* Resources */,
			);
			buildRules = (
			);
			dependencies = (
			);
			name = CoreDataProjectTest;
			productName = CoreDataProjectTest;
			productReference = 466AE09C2789F3A20071A894 /* CoreDataProjectTest.app */;
			productType = "com.apple.product-type.application";
		};
/* End PBXNativeTarget section */

/* Begin PBXProject section */
		466AE0942789F3A20071A894 /* Project object */ = {
			isa = PBXProject;
			attributes = {
				BuildIndependentTargetsInParallel = 1;
				LastSwiftUpdateCheck = 1300;
				LastUpgradeCheck = 1300;
				TargetAttributes = {
					466AE09B2789F3A20071A894 = {
						CreatedOnToolsVersion = 13.0;
					};
				};
			};
			buildConfigurationList = 466AE0972789F3A20071A894 /* Build configuration list for PBXProject "CoreDataProjectTest" */;
			compatibilityVersion = "Xcode 13.0";
			developmentRegion = en;
			hasScannedForEncodings = 0;
			knownRegions = (
				en,
				Base,
			);
			mainGroup = 466AE0932789F3A20071A894;
			productRefGroup = 466AE09D2789F3A20071A894 /* Products */;
			projectDirPath = "";
			projectRoot = "";
			targets = (
				466AE09B2789F3A20071A894 /* CoreDataProjectTest */,
			);
		};
/* End PBXProject section */

/* Begin PBXResourcesBuildPhase section */
		466AE09A2789F3A20071A894 /* Resources */ = {
			isa = PBXResourcesBuildPhase;
			buildActionMask = 2147483647;
			files = (
				466AE0AF2789F3A40071A894 /* LaunchScreen.storyboard in Resources */,
				466AE0AC2789F3A40071A894 /* Assets.xcassets in Resources */,
				466AE0A72789F3A20071A894 /* Main.storyboard in Resources */,
			);
			runOnlyForDeploymentPostprocessing = 0;
		};
/* End PBXResourcesBuildPhase section */

/* Begin PBXSourcesBuildPhase section */
		466AE0982789F3A20071A894 /* Sources */ = {
			isa = PBXSourcesBuildPhase;
			buildActionMask = 2147483647;
			files = (
				466AE0B82789F79B0071A894 /* PersistanceStorage.swift in Sources */,
				466AE0C62789FEA30071A894 /* Student+CoreDataClass.swift in Sources */,
				466AE0AA2789F3A20071A894 /* CoreDataProjectTest.xcdatamodeld in Sources */,
				466AE0A42789F3A20071A894 /* ViewController.swift in Sources */,
				466AE0A02789F3A20071A894 /* AppDelegate.swift in Sources */,
				466AE0CB2789FECE0071A894 /* Lesson+CoreDataProperties.swift in Sources */,
				466AE0CA2789FECE0071A894 /* Lesson+CoreDataClass.swift in Sources */,
				466AE0A22789F3A20071A894 /* SceneDelegate.swift in Sources */,
				466AE0C72789FEA30071A894 /* Student+CoreDataProperties.swift in Sources */,
			);
			runOnlyForDeploymentPostprocessing = 0;
		};
/* End PBXSourcesBuildPhase section */

/* Begin PBXVariantGroup section */
		466AE0A52789F3A20071A894 /* Main.storyboard */ = {
			isa = PBXVariantGroup;
			children = (
				466AE0A62789F3A20071A894 /* Base */,
			);
			name = Main.storyboard;
			sourceTree = "<group>";
		};
		466AE0AD2789F3A40071A894 /* LaunchScreen.storyboard */ = {
			isa = PBXVariantGroup;
			children = (
				466AE0AE2789F3A40071A894 /* Base */,
			);
			name = LaunchScreen.storyboard;
			sourceTree = "<group>";
		};
/* End PBXVariantGroup section */

/* Begin XCBuildConfiguration section */
		466AE0B12789F3A40071A894 /* Debug */ = {
			isa = XCBuildConfiguration;
			buildSettings = {
				ALWAYS_SEARCH_USER_PATHS = NO;
				CLANG_ANALYZER_NONNULL = YES;
				CLANG_ANALYZER_NUMBER_OBJECT_CONVERSION = YES_AGGRESSIVE;
				CLANG_CXX_LANGUAGE_STANDARD = "gnu++17";
				CLANG_CXX_LIBRARY = "libc++";
				CLANG_ENABLE_MODULES = YES;
				CLANG_ENABLE_OBJC_ARC = YES;
				CLANG_ENABLE_OBJC_WEAK = YES;
				CLANG_WARN_BLOCK_CAPTURE_AUTORELEASING = YES;
				CLANG_WARN_BOOL_CONVERSION = YES;
				CLANG_WARN_COMMA = YES;
				CLANG_WARN_CONSTANT_CONVERSION = YES;
				CLANG_WARN_DEPRECATED_OBJC_IMPLEMENTATIONS = YES;
				CLANG_WARN_DIRECT_OBJC_ISA_USAGE = YES_ERROR;
				CLANG_WARN_DOCUMENTATION_COMMENTS = YES;
				CLANG_WARN_EMPTY_BODY = YES;
				CLANG_WARN_ENUM_CONVERSION = YES;
				CLANG_WARN_INFINITE_RECURSION = YES;
				CLANG_WARN_INT_CONVERSION = YES;
				CLANG_WARN_NON_LITERAL_NULL_CONVERSION = YES;
				CLANG_WARN_OBJC_IMPLICIT_RETAIN_SELF = YES;
				CLANG_WARN_OBJC_LITERAL_CONVERSION = YES;
				CLANG_WARN_OBJC_ROOT_CLASS = YES_ERROR;
				CLANG_WARN_QUOTED_INCLUDE_IN_FRAMEWORK_HEADER = YES;
				CLANG_WARN_RANGE_LOOP_ANALYSIS = YES;
				CLANG_WARN_STRICT_PROTOTYPES = YES;
				CLANG_WARN_SUSPICIOUS_MOVE = YES;
				CLANG_WARN_UNGUARDED_AVAILABILITY = YES_AGGRESSIVE;
				CLANG_WARN_UNREACHABLE_CODE = YES;
				CLANG_WARN__DUPLICATE_METHOD_MATCH = YES;
				COPY_PHASE_STRIP = NO;
				DEBUG_INFORMATION_FORMAT = dwarf;
				ENABLE_STRICT_OBJC_MSGSEND = YES;
				ENABLE_TESTABILITY = YES;
				GCC_C_LANGUAGE_STANDARD = gnu11;
				GCC_DYNAMIC_NO_PIC = NO;
				GCC_NO_COMMON_BLOCKS = YES;
				GCC_OPTIMIZATION_LEVEL = 0;
				GCC_PREPROCESSOR_DEFINITIONS = (
					"DEBUG=1",
					"$(inherited)",
				);
				GCC_WARN_64_TO_32_BIT_CONVERSION = YES;
				GCC_WARN_ABOUT_RETURN_TYPE = YES_ERROR;
				GCC_WARN_UNDECLARED_SELECTOR = YES;
				GCC_WARN_UNINITIALIZED_AUTOS = YES_AGGRESSIVE;
				GCC_WARN_UNUSED_FUNCTION = YES;
				GCC_WARN_UNUSED_VARIABLE = YES;
				IPHONEOS_DEPLOYMENT_TARGET = 15.0;
				MTL_ENABLE_DEBUG_INFO = INCLUDE_SOURCE;
				MTL_FAST_MATH = YES;
				ONLY_ACTIVE_ARCH = YES;
				SDKROOT = iphoneos;
				SWIFT_ACTIVE_COMPILATION_CONDITIONS = DEBUG;
				SWIFT_OPTIMIZATION_LEVEL = "-Onone";
			};
			name = Debug;
		};
		466AE0B22789F3A40071A894 /* Release */ = {
			isa = XCBuildConfiguration;
			buildSettings = {
				ALWAYS_SEARCH_USER_PATHS = NO;
				CLANG_ANALYZER_NONNULL = YES;
				CLANG_ANALYZER_NUMBER_OBJECT_CONVERSION = YES_AGGRESSIVE;
				CLANG_CXX_LANGUAGE_STANDARD = "gnu++17";
				CLANG_CXX_LIBRARY = "libc++";
				CLANG_ENABLE_MODULES = YES;
				CLANG_ENABLE_OBJC_ARC = YES;
				CLANG_ENABLE_OBJC_WEAK = YES;
				CLANG_WARN_BLOCK_CAPTURE_AUTORELEASING = YES;
				CLANG_WARN_BOOL_CONVERSION = YES;
				CLANG_WARN_COMMA = YES;
				CLANG_WARN_CONSTANT_CONVERSION = YES;
				CLANG_WARN_DEPRECATED_OBJC_IMPLEMENTATIONS = YES;
				CLANG_WARN_DIRECT_OBJC_ISA_USAGE = YES_ERROR;
				CLANG_WARN_DOCUMENTATION_COMMENTS = YES;
				CLANG_WARN_EMPTY_BODY = YES;
				CLANG_WARN_ENUM_CONVERSION = YES;
				CLANG_WARN_INFINITE_RECURSION = YES;
				CLANG_WARN_INT_CONVERSION = YES;
				CLANG_WARN_NON_LITERAL_NULL_CONVERSION = YES;
				CLANG_WARN_OBJC_IMPLICIT_RETAIN_SELF = YES;
				CLANG_WARN_OBJC_LITERAL_CONVERSION = YES;
				CLANG_WARN_OBJC_ROOT_CLASS = YES_ERROR;
				CLANG_WARN_QUOTED_INCLUDE_IN_FRAMEWORK_HEADER = YES;
				CLANG_WARN_RANGE_LOOP_ANALYSIS = YES;
				CLANG_WARN_STRICT_PROTOTYPES = YES;
				CLANG_WARN_SUSPICIOUS_MOVE = YES;
				CLANG_WARN_UNGUARDED_AVAILABILITY = YES_AGGRESSIVE;
				CLANG_WARN_UNREACHABLE_CODE = YES;
				CLANG_WARN__DUPLICATE_METHOD_MATCH = YES;
				COPY_PHASE_STRIP = NO;
				DEBUG_INFORMATION_FORMAT = "dwarf-with-dsym";
				ENABLE_NS_ASSERTIONS = NO;
				ENABLE_STRICT_OBJC_MSGSEND = YES;
				GCC_C_LANGUAGE_STANDARD = gnu11;
				GCC_NO_COMMON_BLOCKS = YES;
				GCC_WARN_64_TO_32_BIT_CONVERSION = YES;
				GCC_WARN_ABOUT_RETURN_TYPE = YES_ERROR;
				GCC_WARN_UNDECLARED_SELECTOR = YES;
				GCC_WARN_UNINITIALIZED_AUTOS = YES_AGGRESSIVE;
				GCC_WARN_UNUSED_FUNCTION = YES;
				GCC_WARN_UNUSED_VARIABLE = YES;
				IPHONEOS_DEPLOYMENT_TARGET = 15.0;
				MTL_ENABLE_DEBUG_INFO = NO;
				MTL_FAST_MATH = YES;
				SDKROOT = iphoneos;
				SWIFT_COMPILATION_MODE = wholemodule;
				SWIFT_OPTIMIZATION_LEVEL = "-O";
				VALIDATE_PRODUCT = YES;
			};
			name = Release;
		};
		466AE0B42789F3A40071A894 /* Debug */ = {
			isa = XCBuildConfiguration;
			buildSettings = {
				ASSETCATALOG_COMPILER_APPICON_NAME = AppIcon;
				ASSETCATALOG_COMPILER_GLOBAL_ACCENT_COLOR_NAME = AccentColor;
				CODE_SIGN_STYLE = Automatic;
				CURRENT_PROJECT_VERSION = 1;
				DEVELOPMENT_TEAM = 32W33XMD26;
				GENERATE_INFOPLIST_FILE = YES;
				INFOPLIST_FILE = CoreDataProjectTest/Info.plist;
				INFOPLIST_KEY_UIApplicationSupportsIndirectInputEvents = YES;
				INFOPLIST_KEY_UILaunchStoryboardName = LaunchScreen;
				INFOPLIST_KEY_UIMainStoryboardFile = Main;
				INFOPLIST_KEY_UISupportedInterfaceOrientations_iPad = "UIInterfaceOrientationPortrait UIInterfaceOrientationPortraitUpsideDown UIInterfaceOrientationLandscapeLeft UIInterfaceOrientationLandscapeRight";
				INFOPLIST_KEY_UISupportedInterfaceOrientations_iPhone = "UIInterfaceOrientationPortrait UIInterfaceOrientationLandscapeLeft UIInterfaceOrientationLandscapeRight";
				LD_RUNPATH_SEARCH_PATHS = (
					"$(inherited)",
					"@executable_path/Frameworks",
				);
				MARKETING_VERSION = 1.0;
				PRODUCT_BUNDLE_IDENTIFIER = com.finoit.CoreDataProjectTest;
				PRODUCT_NAME = "$(TARGET_NAME)";
				SWIFT_EMIT_LOC_STRINGS = YES;
				SWIFT_VERSION = 5.0;
				TARGETED_DEVICE_FAMILY = "1,2";
			};
			name = Debug;
		};
		466AE0B52789F3A40071A894 /* Release */ = {
			isa = XCBuildConfiguration;
			buildSettings = {
				ASSETCATALOG_COMPILER_APPICON_NAME = AppIcon;
				ASSETCATALOG_COMPILER_GLOBAL_ACCENT_COLOR_NAME = AccentColor;
				CODE_SIGN_STYLE = Automatic;
				CURRENT_PROJECT_VERSION = 1;
				DEVELOPMENT_TEAM = 32W33XMD26;
				GENERATE_INFOPLIST_FILE = YES;
				INFOPLIST_FILE = CoreDataProjectTest/Info.plist;
				INFOPLIST_KEY_UIApplicationSupportsIndirectInputEvents = YES;
				INFOPLIST_KEY_UILaunchStoryboardName = LaunchScreen;
				INFOPLIST_KEY_UIMainStoryboardFile = Main;
				INFOPLIST_KEY_UISupportedInterfaceOrientations_iPad = "UIInterfaceOrientationPortrait UIInterfaceOrientationPortraitUpsideDown UIInterfaceOrientationLandscapeLeft UIInterfaceOrientationLandscapeRight";
				INFOPLIST_KEY_UISupportedInterfaceOrientations_iPhone = "UIInterfaceOrientationPortrait UIInterfaceOrientationLandscapeLeft UIInterfaceOrientationLandscapeRight";
				LD_RUNPATH_SEARCH_PATHS = (
					"$(inherited)",
					"@executable_path/Frameworks",
				);
				MARKETING_VERSION = 1.0;
				PRODUCT_BUNDLE_IDENTIFIER = com.finoit.CoreDataProjectTest;
				PRODUCT_NAME = "$(TARGET_NAME)";
				SWIFT_EMIT_LOC_STRINGS = YES;
				SWIFT_VERSION = 5.0;
				TARGETED_DEVICE_FAMILY = "1,2";
			};
			name = Release;
		};
/* End XCBuildConfiguration section */

/* Begin XCConfigurationList section */
		466AE0972789F3A20071A894 /* Build configuration list for PBXProject "CoreDataProjectTest" */ = {
			isa = XCConfigurationList;
			buildConfigurations = (
				466AE0B12789F3A40071A894 /* Debug */,
				466AE0B22789F3A40071A894 /* Release */,
			);
			defaultConfigurationIsVisible = 0;
			defaultConfigurationName = Release;
		};
		466AE0B32789F3A40071A894 /* Build configuration list for PBXNativeTarget "CoreDataProjectTest" */ = {
			isa = XCConfigurationList;
			buildConfigurations = (
				466AE0B42789F3A40071A894 /* Debug */,
				466AE0B52789F3A40071A894 /* Release */,
			);
			defaultConfigurationIsVisible = 0;
			defaultConfigurationName = Release;
		};
/* End XCConfigurationList section */

/* Begin XCVersionGroup section */
		466AE0A82789F3A20071A894 /* CoreDataProjectTest.xcdatamodeld */ = {
			isa = XCVersionGroup;
			children = (
				466AE0A92789F3A20071A894 /* CoreDataProjectTest.xcdatamodel */,
			);
			currentVersion = 466AE0A92789F3A20071A894 /* CoreDataProjectTest.xcdatamodel */;
			path = CoreDataProjectTest.xcdatamodeld;
			sourceTree = "<group>";
			versionGroupType = wrapper.xcdatamodel;
		};
/* End XCVersionGroup section */
	};
	rootObject = 466AE0942789F3A20071A894 /* Project object */;
}
